
Microsoft Visual Studio Solution File, Format Version 12.00
# Visual Studio Version 17
VisualStudioVersion = 17.10.35122.118
MinimumVisualStudioVersion = 10.0.40219.1
Project("{FAE04EC0-301F-11D3-BF4B-00C04F79EFBC}") = "HRISAPI.Domain", "HRISAPI.Domain\HRISAPI.Domain.csproj", "{6F982D83-70D0-4725-85FF-6920C590895E}"
EndProject
Project("{FAE04EC0-301F-11D3-BF4B-00C04F79EFBC}") = "HRISAPI.Application", "HRISAPI.Application\HRISAPI.Application.csproj", "{19547DC7-E5B2-4383-BCB8-A1D13940A4B3}"
EndProject
Project("{FAE04EC0-301F-11D3-BF4B-00C04F79EFBC}") = "HRISAPI.Infrastructure", "HRISAPI.Infrastructure\HRISAPI.Infrastructure.csproj", "{028F8940-F2C2-4815-AAC8-4183F91C1207}"
EndProject
Project("{FAE04EC0-301F-11D3-BF4B-00C04F79EFBC}") = "HRISAPI.API", "HRISAPI.API\HRISAPI.API.csproj", "{CC246E5F-B515-4B56-8E00-2B6F38A32603}"
EndProject
Global
	GlobalSection(SolutionConfigurationPlatforms) = preSolution
		Debug|Any CPU = Debug|Any CPU
		Release|Any CPU = Release|Any CPU
	EndGlobalSection
	GlobalSection(ProjectConfigurationPlatforms) = postSolution
		{6F982D83-70D0-4725-85FF-6920C590895E}.Debug|Any CPU.ActiveCfg = Debug|Any CPU
		{6F982D83-70D0-4725-85FF-6920C590895E}.Debug|Any CPU.Build.0 = Debug|Any CPU
		{6F982D83-70D0-4725-85FF-6920C590895E}.Release|Any CPU.ActiveCfg = Release|Any CPU
		{6F982D83-70D0-4725-85FF-6920C590895E}.Release|Any CPU.Build.0 = Release|Any CPU
		{19547DC7-E5B2-4383-BCB8-A1D13940A4B3}.Debug|Any CPU.ActiveCfg = Debug|Any CPU
		{19547DC7-E5B2-4383-BCB8-A1D13940A4B3}.Debug|Any CPU.Build.0 = Debug|Any CPU
		{19547DC7-E5B2-4383-BCB8-A1D13940A4B3}.Release|Any CPU.ActiveCfg = Release|Any CPU
		{19547DC7-E5B2-4383-BCB8-A1D13940A4B3}.Release|Any CPU.Build.0 = Release|Any CPU
		{028F8940-F2C2-4815-AAC8-4183F91C1207}.Debug|Any CPU.ActiveCfg = Debug|Any CPU
		{028F8940-F2C2-4815-AAC8-4183F91C1207}.Debug|Any CPU.Build.0 = Debug|Any CPU
		{028F8940-F2C2-4815-AAC8-4183F91C1207}.Release|Any CPU.ActiveCfg = Release|Any CPU
		{028F8940-F2C2-4815-AAC8-4183F91C1207}.Release|Any CPU.Build.0 = Release|Any CPU
		{CC246E5F-B515-4B56-8E00-2B6F38A32603}.Debug|Any CPU.ActiveCfg = Debug|Any CPU
		{CC246E5F-B515-4B56-8E00-2B6F38A32603}.Debug|Any CPU.Build.0 = Debug|Any CPU
		{CC246E5F-B515-4B56-8E00-2B6F38A32603}.Release|Any CPU.ActiveCfg = Release|Any CPU
		{CC246E5F-B515-4B56-8E00-2B6F38A32603}.Release|Any CPU.Build.0 = Release|Any CPU
	EndGlobalSection
	GlobalSection(SolutionProperties) = preSolution
		HideSolutionNode = FALSE
	EndGlobalSection
	GlobalSection(ExtensibilityGlobals) = postSolution
		SolutionGuid = {86F6012D-62F9-49A7-B583-29225FED92CA}
	EndGlobalSection
EndGlobal
